// !$*UTF8*$!
{
	archiveVersion = 1;
	classes = {
	};
	objectVersion = 46;
	objects = {

/* Begin PBXBuildFile section */
		2DE20B341E64ADC800A7F4DE /* AppDelegate.swift in Sources */ = {isa = PBXBuildFile; fileRef = 2DE20B331E64ADC800A7F4DE /* AppDelegate.swift */; };
		2DE20B361E64ADC800A7F4DE /* ViewController.swift in Sources */ = {isa = PBXBuildFile; fileRef = 2DE20B351E64ADC800A7F4DE /* ViewController.swift */; };
		2DE20B391E64ADC800A7F4DE /* Main.storyboard in Resources */ = {isa = PBXBuildFile; fileRef = 2DE20B371E64ADC800A7F4DE /* Main.storyboard */; };
		2DE20B3B1E64ADC800A7F4DE /* Assets.xcassets in Resources */ = {isa = PBXBuildFile; fileRef = 2DE20B3A1E64ADC800A7F4DE /* Assets.xcassets */; };
		2DE20B3E1E64ADC800A7F4DE /* LaunchScreen.storyboard in Resources */ = {isa = PBXBuildFile; fileRef = 2DE20B3C1E64ADC800A7F4DE /* LaunchScreen.storyboard */; };
/* End PBXBuildFile section */

/* Begin PBXFileReference section */
		2DE20B301E64ADC800A7F4DE /* GoogleSigninExample.app */ = {isa = PBXFileReference; explicitFileType = wrapper.application; includeInIndex = 0; path = GoogleSigninExample.app; sourceTree = BUILT_PRODUCTS_DIR; };
		2DE20B331E64ADC800A7F4DE /* AppDelegate.swift */ = {isa = PBXFileReference; lastKnownFileType = sourcecode.swift; path = AppDelegate.swift; sourceTree = "<group>"; };
		2DE20B351E64ADC800A7F4DE /* ViewController.swift */ = {isa = PBXFileReference; lastKnownFileType = sourcecode.swift; path = ViewController.swift; sourceTree = "<group>"; };
		2DE20B381E64ADC800A7F4DE /* Base */ = {isa = PBXFileReference; lastKnownFileType = file.storyboard; name = Base; path = Base.lproj/Main.storyboard; sourceTree = "<group>"; };
		2DE20B3A1E64ADC800A7F4DE /* Assets.xcassets */ = {isa = PBXFileReference; lastKnownFileType = folder.assetcatalog; path = Assets.xcassets; sourceTree = "<group>"; };
		2DE20B3D1E64ADC800A7F4DE /* Base */ = {isa = PBXFileReference; lastKnownFileType = file.storyboard; name = Base; path = Base.lproj/LaunchScreen.storyboard; sourceTree = "<group>"; };
		2DE20B3F1E64ADC800A7F4DE /* Info.plist */ = {isa = PBXFileReference; lastKnownFileType = text.plist.xml; path = Info.plist; sourceTree = "<group>"; };
/* End PBXFileReference section */

/* Begin PBXFrameworksBuildPhase section */
		2DE20B2D1E64ADC800A7F4DE /* Frameworks */ = {
			isa = PBXFrameworksBuildPhase;
			buildActionMask = 2147483647;
			files = (
			);
			runOnlyForDeploymentPostprocessing = 0;
		};
/* End PBXFrameworksBuildPhase section */

/* Begin PBXGroup section */
		2DE20B271E64ADC800A7F4DE = {
			isa = PBXGroup;
			children = (
				2DE20B321E64ADC800A7F4DE /* GoogleSigninExample */,
				2DE20B311E64ADC800A7F4DE /* Products */,
			);
			sourceTree = "<group>";
		};
		2DE20B311E64ADC800A7F4DE /* Products */ = {
			isa = PBXGroup;
			children = (
				2DE20B301E64ADC800A7F4DE /* GoogleSigninExample.app */,
			);
			name = Products;
			sourceTree = "<group>";
		};
		2DE20B321E64ADC800A7F4DE /* GoogleSigninExample */ = {
			isa = PBXGroup;
			children = (
				2DE20B331E64ADC800A7F4DE /* AppDelegate.swift */,
				2DE20B351E64ADC800A7F4DE /* ViewController.swift */,
				2DE20B371E64ADC800A7F4DE /* Main.storyboard */,
				2DE20B3A1E64ADC800A7F4DE /* Assets.xcassets */,
				2DE20B3C1E64ADC800A7F4DE /* LaunchScreen.storyboard */,
				2DE20B3F1E64ADC800A7F4DE /* Info.plist */,
			);
			path = GoogleSigninExample;
			sourceTree = "<group>";
		};
/* End PBXGroup section */

/* Begin PBXNativeTarget section */
		2DE20B2F1E64ADC800A7F4DE /* GoogleSigninExample */ = {
			isa = PBXNativeTarget;
			buildConfigurationList = 2DE20B421E64ADC800A7F4DE /* Build configuration list for PBXNativeTarget "GoogleSigninExample" */;
			buildPhases = (
				2DE20B2C1E64ADC800A7F4DE /* Sources */,
				2DE20B2D1E64ADC800A7F4DE /* Frameworks */,
				2DE20B2E1E64ADC800A7F4DE /* Resources */,
			);
			buildRules = (
			);
			dependencies = (
			);
			name = GoogleSigninExample;
			productName = GoogleSigninExample;
			productReference = 2DE20B301E64ADC800A7F4DE /* GoogleSigninExample.app */;
			productType = "com.apple.product-type.application";
		};
/* End PBXNativeTarget section */

/* Begin PBXProject section */
		2DE20B281E64ADC800A7F4DE /* Project object */ = {
			isa = PBXProject;
			attributes = {
				LastSwiftUpdateCheck = 0820;
				LastUpgradeCheck = 0820;
				ORGANIZATIONNAME = onurtuna;
				TargetAttributes = {
					2DE20B2F1E64ADC800A7F4DE = {
						CreatedOnToolsVersion = 8.2.1;
						DevelopmentTeam = 2NXAYK64DU;
						ProvisioningStyle = Automatic;
					};
				};
			};
			buildConfigurationList = 2DE20B2B1E64ADC800A7F4DE /* Build configuration list for PBXProject "GoogleSigninExample" */;
			compatibilityVersion = "Xcode 3.2";
			developmentRegion = English;
			hasScannedForEncodings = 0;
			knownRegions = (
				en,
				Base,
			);
			mainGroup = 2DE20B271E64ADC800A7F4DE;
			productRefGroup = 2DE20B311E64ADC800A7F4DE /* Products */;
			projectDirPath = "";
			projectRoot = "";
			targets = (
				2DE20B2F1E64ADC800A7F4DE /* GoogleSigninExample */,
			);
		};
/* End PBXProject section */

/* Begin PBXResourcesBuildPhase section */
		2DE20B2E1E64ADC800A7F4DE /* Resources */ = {
			isa = PBXResourcesBuildPhase;
			buildActionMask = 2147483647;
			files = (
				2DE20B3E1E64ADC800A7F4DE /* LaunchScreen.storyboard in Resources */,
				2DE20B3B1E64ADC800A7F4DE /* Assets.xcassets in Resources */,
				2DE20B391E64ADC800A7F4DE /* Main.storyboard in Resources */,
			);
			runOnlyForDeploymentPostprocessing = 0;
		};
/* End PBXResourcesBuildPhase section */

/* Begin PBXSourcesBuildPhase section */
		2DE20B2C1E64ADC800A7F4DE /* Sources */ = {
			isa = PBXSourcesBuildPhase;
			buildActionMask = 2147483647;
			files = (
				2DE20B361E64ADC800A7F4DE /* ViewController.swift in Sources */,
				2DE20B341E64ADC800A7F4DE /* AppDelegate.swift in Sources */,
			);
			runOnlyForDeploymentPostprocessing = 0;
		};
/* End PBXSourcesBuildPhase section */

/* Begin PBXVariantGroup section */
		2DE20B371E64ADC800A7F4DE /* Main.storyboard */ = {
			isa = PBXVariantGroup;
			children = (
				2DE20B381E64ADC800A7F4DE /* Base */,
			);
			name = Main.storyboard;
			sourceTree = "<group>";
		};
		2DE20B3C1E64ADC800A7F4DE /* LaunchScreen.storyboard */ = {
			isa = PBXVariantGroup;
			children = (
				2DE20B3D1E64ADC800A7F4DE /* Base */,
			);
			name = LaunchScreen.storyboard;
			sourceTree = "<group>";
		};
/* End PBXVariantGroup section */

/* Begin XCBuildConfiguration section */
		2DE20B401E64ADC800A7F4DE /* Debug */ = {
			isa = XCBuildConfiguration;
			buildSettings = {
				ALWAYS_SEARCH_USER_PATHS = NO;
				CLANG_ANALYZER_NONNULL = YES;
				CLANG_CXX_LANGUAGE_STANDARD = "gnu++0x";
				CLANG_CXX_LIBRARY = "libc++";
				CLANG_ENABLE_MODULES = YES;
				CLANG_ENABLE_OBJC_ARC = YES;
				CLANG_WARN_BOOL_CONVERSION = YES;
				CLANG_WARN_CONSTANT_CONVERSION = YES;
				CLANG_WARN_DIRECT_OBJC_ISA_USAGE = YES_ERROR;
				CLANG_WARN_DOCUMENTATION_COMMENTS = YES;
				CLANG_WARN_EMPTY_BODY = YES;
				CLANG_WARN_ENUM_CONVERSION = YES;
				CLANG_WARN_INFINITE_RECURSION = YES;
				CLANG_WARN_INT_CONVERSION = YES;
				CLANG_WARN_OBJC_ROOT_CLASS = YES_ERROR;
				CLANG_WARN_SUSPICIOUS_MOVE = YES;
				CLANG_WARN_UNREACHABLE_CODE = YES;
				CLANG_WARN__DUPLICATE_METHOD_MATCH = YES;
				"CODE_SIGN_IDENTITY[sdk=iphoneos*]" = "iPhone Developer";
				COPY_PHASE_STRIP = NO;
				DEBUG_INFORMATION_FORMAT = dwarf;
				ENABLE_STRICT_OBJC_MSGSEND = YES;
				ENABLE_TESTABILITY = YES;
				GCC_C_LANGUAGE_STANDARD = gnu99;
				GCC_DYNAMIC_NO_PIC = NO;
				GCC_NO_COMMON_BLOCKS = YES;
				GCC_OPTIMIZATION_LEVEL = 0;
				GCC_PREPROCESSOR_DEFINITIONS = (
					"DEBUG=1",
					"$(inherited)",
				);
				GCC_WARN_64_TO_32_BIT_CONVERSION = YES;
				GCC_WARN_ABOUT_RETURN_TYPE = YES_ERROR;
				GCC_WARN_UNDECLARED_SELECTOR = YES;
				GCC_WARN_UNINITIALIZED_AUTOS = YES_AGGRESSIVE;
				GCC_WARN_UNUSED_FUNCTION = YES;
				GCC_WARN_UNUSED_VARIABLE = YES;
				IPHONEOS_DEPLOYMENT_TARGET = 10.2;
				MTL_ENABLE_DEBUG_INFO = YES;
				ONLY_ACTIVE_ARCH = YES;
				SDKROOT = iphoneos;
				SWIFT_ACTIVE_COMPILATION_CONDITIONS = DEBUG;
				SWIFT_OPTIMIZATION_LEVEL = "-Onone";
			};
			name = Debug;
		};
		2DE20B411E64ADC800A7F4DE /* Release */ = {
			isa = XCBuildConfiguration;
			buildSettings = {
				ALWAYS_SEARCH_USER_PATHS = NO;
				CLANG_ANALYZER_NONNULL = YES;
				CLANG_CXX_LANGUAGE_STANDARD = "gnu++0x";
				CLANG_CXX_LIBRARY = "libc++";
				CLANG_ENABLE_MODULES = YES;
				CLANG_ENABLE_OBJC_ARC = YES;
				CLANG_WARN_BOOL_CONVERSION = YES;
				CLANG_WARN_CONSTANT_CONVERSION = YES;
				CLANG_WARN_DIRECT_OBJC_ISA_USAGE = YES_ERROR;
				CLANG_WARN_DOCUMENTATION_COMMENTS = YES;
				CLANG_WARN_EMPTY_BODY = YES;
				CLANG_WARN_ENUM_CONVERSION = YES;
				CLANG_WARN_INFINITE_RECURSION = YES;
				CLANG_WARN_INT_CONVERSION = YES;
				CLANG_WARN_OBJC_ROOT_CLASS = YES_ERROR;
				CLANG_WARN_SUSPICIOUS_MOVE = YES;
				CLANG_WARN_UNREACHABLE_CODE = YES;
				CLANG_WARN__DUPLICATE_METHOD_MATCH = YES;
				"CODE_SIGN_IDENTITY[sdk=iphoneos*]" = "iPhone Developer";
				COPY_PHASE_STRIP = NO;
				DEBUG_INFORMATION_FORMAT = "dwarf-with-dsym";
				ENABLE_NS_ASSERTIONS = NO;
				ENABLE_STRICT_OBJC_MSGSEND = YES;
				GCC_C_LANGUAGE_STANDARD = gnu99;
				GCC_NO_COMMON_BLOCKS = YES;
				GCC_WARN_64_TO_32_BIT_CONVERSION = YES;
				GCC_WARN_ABOUT_RETURN_TYPE = YES_ERROR;
				GCC_WARN_UNDECLARED_SELECTOR = YES;
				GCC_WARN_UNINITIALIZED_AUTOS = YES_AGGRESSIVE;
				GCC_WARN_UNUSED_FUNCTION = YES;
				GCC_WARN_UNUSED_VARIABLE = YES;
				IPHONEOS_DEPLOYMENT_TARGET = 10.2;
				MTL_ENABLE_DEBUG_INFO = NO;
				SDKROOT = iphoneos;
				SWIFT_OPTIMIZATION_LEVEL = "-Owholemodule";
				VALIDATE_PRODUCT = YES;
			};
			name = Release;
		};
		2DE20B431E64ADC800A7F4DE /* Debug */ = {
			isa = XCBuildConfiguration;
			buildSettings = {
				ASSETCATALOG_COMPILER_APPICON_NAME = AppIcon;
				DEVELOPMENT_TEAM = 2NXAYK64DU;
				INFOPLIST_FILE = GoogleSigninExample/Info.plist;
				LD_RUNPATH_SEARCH_PATHS = "$(inherited) @executable_path/Frameworks";
				PRODUCT_BUNDLE_IDENTIFIER = org.onurtuna.GoogleSigninExample;
				PRODUCT_NAME = "$(TARGET_NAME)";
				SWIFT_VERSION = 3.0;
			};
			name = Debug;
		};
		2DE20B441E64ADC800A7F4DE /* Release */ = {
			isa = XCBuildConfiguration;
			buildSettings = {
				ASSETCATALOG_COMPILER_APPICON_NAME = AppIcon;
				DEVELOPMENT_TEAM = 2NXAYK64DU;
				INFOPLIST_FILE = GoogleSigninExample/Info.plist;
				LD_RUNPATH_SEARCH_PATHS = "$(inherited) @executable_path/Frameworks";
				PRODUCT_BUNDLE_IDENTIFIER = org.onurtuna.GoogleSigninExample;
				PRODUCT_NAME = "$(TARGET_NAME)";
				SWIFT_VERSION = 3.0;
			};
			name = Release;
		};
/* End XCBuildConfiguration section */

/* Begin XCConfigurationList section */
		2DE20B2B1E64ADC800A7F4DE /* Build configuration list for PBXProject "GoogleSigninExample" */ = {
			isa = XCConfigurationList;
			buildConfigurations = (
				2DE20B401E64ADC800A7F4DE /* Debug */,
				2DE20B411E64ADC800A7F4DE /* Release */,
			);
			defaultConfigurationIsVisible = 0;
			defaultConfigurationName = Release;
		};
		2DE20B421E64ADC800A7F4DE /* Build configuration list for PBXNativeTarget "GoogleSigninExample" */ = {
			isa = XCConfigurationList;
			buildConfigurations = (
				2DE20B431E64ADC800A7F4DE /* Debug */,
				2DE20B441E64ADC800A7F4DE /* Release */,
			);
			defaultConfigurationIsVisible = 0;
		};
/* End XCConfigurationList section */
	};
	rootObject = 2DE20B281E64ADC800A7F4DE /* Project object */;
}
